
Microsoft Visual Studio Solution File, Format Version 12.00
# Visual Studio 15
VisualStudioVersion = 15.0.27703.2035
MinimumVisualStudioVersion = 10.0.40219.1
Project("{FAE04EC0-301F-11D3-BF4B-00C04F79EFBC}") = "Chapter7", "Chapter7\Chapter7.csproj", "{6B37C18E-8FCF-4F5D-BFB3-8A7FA5E51286}"
EndProject
Project("{FAE04EC0-301F-11D3-BF4B-00C04F79EFBC}") = "Chapter3", "Chapter3\Chapter3.csproj", "{4034E2AC-77AA-4E18-A419-E31014FA0F2A}"
EndProject
Project("{FAE04EC0-301F-11D3-BF4B-00C04F79EFBC}") = "Chapter2", "Chapter2\Chapter2.csproj", "{21CDA446-3224-4E4A-9355-0363ABC6A3F2}"
EndProject
Project("{FAE04EC0-301F-11D3-BF4B-00C04F79EFBC}") = "Chapter8", "Chapter8\Chapter8.csproj", "{F4A18317-0387-4ADB-9E76-261438EE3C07}"
EndProject
Project("{FAE04EC0-301F-11D3-BF4B-00C04F79EFBC}") = "Chapter4", "Chapter4\Chapter4.csproj", "{EE108AD9-5349-40A1-8704-14300B0F420C}"
EndProject
Global
	GlobalSection(SolutionConfigurationPlatforms) = preSolution
		Debug|Any CPU = Debug|Any CPU
		Release|Any CPU = Release|Any CPU
	EndGlobalSection
	GlobalSection(ProjectConfigurationPlatforms) = postSolution
		{6B37C18E-8FCF-4F5D-BFB3-8A7FA5E51286}.Debug|Any CPU.ActiveCfg = Debug|Any CPU
		{6B37C18E-8FCF-4F5D-BFB3-8A7FA5E51286}.Debug|Any CPU.Build.0 = Debug|Any CPU
		{6B37C18E-8FCF-4F5D-BFB3-8A7FA5E51286}.Release|Any CPU.ActiveCfg = Release|Any CPU
		{6B37C18E-8FCF-4F5D-BFB3-8A7FA5E51286}.Release|Any CPU.Build.0 = Release|Any CPU
		{4034E2AC-77AA-4E18-A419-E31014FA0F2A}.Debug|Any CPU.ActiveCfg = Debug|Any CPU
		{4034E2AC-77AA-4E18-A419-E31014FA0F2A}.Debug|Any CPU.Build.0 = Debug|Any CPU
		{4034E2AC-77AA-4E18-A419-E31014FA0F2A}.Release|Any CPU.ActiveCfg = Release|Any CPU
		{4034E2AC-77AA-4E18-A419-E31014FA0F2A}.Release|Any CPU.Build.0 = Release|Any CPU
		{21CDA446-3224-4E4A-9355-0363ABC6A3F2}.Debug|Any CPU.ActiveCfg = Debug|Any CPU
		{21CDA446-3224-4E4A-9355-0363ABC6A3F2}.Debug|Any CPU.Build.0 = Debug|Any CPU
		{21CDA446-3224-4E4A-9355-0363ABC6A3F2}.Release|Any CPU.ActiveCfg = Release|Any CPU
		{21CDA446-3224-4E4A-9355-0363ABC6A3F2}.Release|Any CPU.Build.0 = Release|Any CPU
		{F4A18317-0387-4ADB-9E76-261438EE3C07}.Debug|Any CPU.ActiveCfg = Debug|Any CPU
		{F4A18317-0387-4ADB-9E76-261438EE3C07}.Debug|Any CPU.Build.0 = Debug|Any CPU
		{F4A18317-0387-4ADB-9E76-261438EE3C07}.Release|Any CPU.ActiveCfg = Release|Any CPU
		{F4A18317-0387-4ADB-9E76-261438EE3C07}.Release|Any CPU.Build.0 = Release|Any CPU
		{EE108AD9-5349-40A1-8704-14300B0F420C}.Debug|Any CPU.ActiveCfg = Debug|Any CPU
		{EE108AD9-5349-40A1-8704-14300B0F420C}.Debug|Any CPU.Build.0 = Debug|Any CPU
		{EE108AD9-5349-40A1-8704-14300B0F420C}.Release|Any CPU.ActiveCfg = Release|Any CPU
		{EE108AD9-5349-40A1-8704-14300B0F420C}.Release|Any CPU.Build.0 = Release|Any CPU
	EndGlobalSection
	GlobalSection(SolutionProperties) = preSolution
		HideSolutionNode = FALSE
	EndGlobalSection
	GlobalSection(ExtensibilityGlobals) = postSolution
		SolutionGuid = {5D7DE4BB-12E4-4A8A-BEA5-D4C7A5589AF4}
	EndGlobalSection
EndGlobal
